{
  "name": "ajs-library",
  "version": "1.0.0",
  "lockfileVersion": 1,
  "requires": true,
  "dependencies": {
    "@stanislav-pronkin/ajs": {
      "version": "1.0.0",
      "resolved": "https://npm.pkg.github.com/download/@stanislav-pronkin/ajs/1.0.0/d7136b4ff03f4e113dc9a7bf727a7b7fe909e578c7cbb1010c866919796f8cfb",
      "integrity": "sha512-cDhec1UKdMwE/L1oM3gTwdTv13Am7uWnOK413Iwrclt7VHaD8Aa4r/7mbhup2ccKO3HHnZD3oXhBfAE8uKyn6w=="
    }
  }
}
